// !$*UTF8*$!
{
	archiveVersion = 1;
	classes = {
	};
	objectVersion = 56;
	objects = {

/* Begin PBXBuildFile section */
		F00FEB4B2BD6B7670011B05B /* ProfileThreadFilter.swift in Sources */ = {isa = PBXBuildFile; fileRef = F00FEB4A2BD6B7670011B05B /* ProfileThreadFilter.swift */; };
		F01491D32BDAD97200806ECA /* RegistrationViewModel.swift in Sources */ = {isa = PBXBuildFile; fileRef = F01491D22BDAD97100806ECA /* RegistrationViewModel.swift */; };
		F043207B2BDB457C00F57DEA /* AuthService.swift in Sources */ = {isa = PBXBuildFile; fileRef = F043207A2BDB457C00F57DEA /* AuthService.swift */; };
		F054C3D62BD75E39003CDB82 /* EditProfileView.swift in Sources */ = {isa = PBXBuildFile; fileRef = F054C3D52BD75E39003CDB82 /* EditProfileView.swift */; };
		F077ACB12BDC26BB00FD65EB /* ContentViewModel.swift in Sources */ = {isa = PBXBuildFile; fileRef = F077ACB02BDC26BB00FD65EB /* ContentViewModel.swift */; };
		F077ACB32BDC300100FD65EB /* LoginViewModel.swift in Sources */ = {isa = PBXBuildFile; fileRef = F077ACB22BDC300100FD65EB /* LoginViewModel.swift */; };
		F0A0FE992BD8A8CF0077FBE7 /* GoogleService-Info.plist in Resources */ = {isa = PBXBuildFile; fileRef = F0A0FE982BD8A8CF0077FBE7 /* GoogleService-Info.plist */; };
		F0A0FE9C2BD8AADF0077FBE7 /* FirebaseAuth in Frameworks */ = {isa = PBXBuildFile; productRef = F0A0FE9B2BD8AADF0077FBE7 /* FirebaseAuth */; };
		F0A0FE9E2BD8AADF0077FBE7 /* FirebaseFirestore in Frameworks */ = {isa = PBXBuildFile; productRef = F0A0FE9D2BD8AADF0077FBE7 /* FirebaseFirestore */; };
		F0A0FEA02BD8AADF0077FBE7 /* FirebaseFirestoreSwift in Frameworks */ = {isa = PBXBuildFile; productRef = F0A0FE9F2BD8AADF0077FBE7 /* FirebaseFirestoreSwift */; };
		F0A0FEA22BD8AADF0077FBE7 /* FirebaseStorage in Frameworks */ = {isa = PBXBuildFile; productRef = F0A0FEA12BD8AADF0077FBE7 /* FirebaseStorage */; };
		F0A0FEA42BD8AE1A0077FBE7 /* .gitignore in Resources */ = {isa = PBXBuildFile; fileRef = F0A0FEA32BD8AE1A0077FBE7 /* .gitignore */; };
		F0B08A1F2BD33EE100DA0D3B /* Threads_CloneApp.swift in Sources */ = {isa = PBXBuildFile; fileRef = F0B08A1E2BD33EE100DA0D3B /* Threads_CloneApp.swift */; };
		F0B08A212BD33EE100DA0D3B /* ContentView.swift in Sources */ = {isa = PBXBuildFile; fileRef = F0B08A202BD33EE100DA0D3B /* ContentView.swift */; };
		F0B08A232BD33EE300DA0D3B /* Assets.xcassets in Resources */ = {isa = PBXBuildFile; fileRef = F0B08A222BD33EE300DA0D3B /* Assets.xcassets */; };
		F0B08A262BD33EE300DA0D3B /* Preview Assets.xcassets in Resources */ = {isa = PBXBuildFile; fileRef = F0B08A252BD33EE300DA0D3B /* Preview Assets.xcassets */; };
		F0B08A372BD3402F00DA0D3B /* LoginView.swift in Sources */ = {isa = PBXBuildFile; fileRef = F0B08A362BD3402F00DA0D3B /* LoginView.swift */; };
		F0B08A392BD3499F00DA0D3B /* RegistrationView.swift in Sources */ = {isa = PBXBuildFile; fileRef = F0B08A382BD3499F00DA0D3B /* RegistrationView.swift */; };
		F0B08A3C2BD34BEC00DA0D3B /* ThreadsTextFieldModifier.swift in Sources */ = {isa = PBXBuildFile; fileRef = F0B08A3B2BD34BEC00DA0D3B /* ThreadsTextFieldModifier.swift */; };
		F0B08A3E2BD34F3300DA0D3B /* ThreadsButtonModifier.swift in Sources */ = {isa = PBXBuildFile; fileRef = F0B08A3D2BD34F3300DA0D3B /* ThreadsButtonModifier.swift */; };
		F0B08A412BD3555B00DA0D3B /* ThreadsTabView.swift in Sources */ = {isa = PBXBuildFile; fileRef = F0B08A402BD3555B00DA0D3B /* ThreadsTabView.swift */; };
		F0B08A452BD3593700DA0D3B /* FeedView.swift in Sources */ = {isa = PBXBuildFile; fileRef = F0B08A442BD3593700DA0D3B /* FeedView.swift */; };
		F0B08A492BD359AE00DA0D3B /* ExploreView.swift in Sources */ = {isa = PBXBuildFile; fileRef = F0B08A482BD359AE00DA0D3B /* ExploreView.swift */; };
		F0B08A4D2BD35A3D00DA0D3B /* CreateThreadView.swift in Sources */ = {isa = PBXBuildFile; fileRef = F0B08A4C2BD35A3D00DA0D3B /* CreateThreadView.swift */; };
		F0B08A512BD35A8D00DA0D3B /* ActivityView.swift in Sources */ = {isa = PBXBuildFile; fileRef = F0B08A502BD35A8D00DA0D3B /* ActivityView.swift */; };
		F0B08A552BD35AD600DA0D3B /* ProfileView.swift in Sources */ = {isa = PBXBuildFile; fileRef = F0B08A542BD35AD600DA0D3B /* ProfileView.swift */; };
		F0E8D4AD2BD5C3A300CDF83F /* ThreadCell.swift in Sources */ = {isa = PBXBuildFile; fileRef = F0E8D4AC2BD5C3A300CDF83F /* ThreadCell.swift */; };
		F0E8D4B02BD5D60A00CDF83F /* CircularProfileImageView.swift in Sources */ = {isa = PBXBuildFile; fileRef = F0E8D4AF2BD5D60A00CDF83F /* CircularProfileImageView.swift */; };
		F0E8D4B22BD5D6D800CDF83F /* UserCell.swift in Sources */ = {isa = PBXBuildFile; fileRef = F0E8D4B12BD5D6D800CDF83F /* UserCell.swift */; };
		F0F722B62BDC8413004D8832 /* User.swift in Sources */ = {isa = PBXBuildFile; fileRef = F0F722B52BDC8413004D8832 /* User.swift */; };
		F0F722BA2BDC90B6004D8832 /* UserService.swift in Sources */ = {isa = PBXBuildFile; fileRef = F0F722B92BDC90B6004D8832 /* UserService.swift */; };
		F0F722BD2BDC93F5004D8832 /* ProfileViewModel.swift in Sources */ = {isa = PBXBuildFile; fileRef = F0F722BC2BDC93F5004D8832 /* ProfileViewModel.swift */; };
/* End PBXBuildFile section */

/* Begin PBXFileReference section */
		F00FEB4A2BD6B7670011B05B /* ProfileThreadFilter.swift */ = {isa = PBXFileReference; lastKnownFileType = sourcecode.swift; path = ProfileThreadFilter.swift; sourceTree = "<group>"; };
		F01491D22BDAD97100806ECA /* RegistrationViewModel.swift */ = {isa = PBXFileReference; lastKnownFileType = sourcecode.swift; path = RegistrationViewModel.swift; sourceTree = "<group>"; };
		F043207A2BDB457C00F57DEA /* AuthService.swift */ = {isa = PBXFileReference; lastKnownFileType = sourcecode.swift; path = AuthService.swift; sourceTree = "<group>"; };
		F054C3D52BD75E39003CDB82 /* EditProfileView.swift */ = {isa = PBXFileReference; lastKnownFileType = sourcecode.swift; path = EditProfileView.swift; sourceTree = "<group>"; };
		F077ACB02BDC26BB00FD65EB /* ContentViewModel.swift */ = {isa = PBXFileReference; lastKnownFileType = sourcecode.swift; path = ContentViewModel.swift; sourceTree = "<group>"; };
		F077ACB22BDC300100FD65EB /* LoginViewModel.swift */ = {isa = PBXFileReference; lastKnownFileType = sourcecode.swift; path = LoginViewModel.swift; sourceTree = "<group>"; };
		F0A0FE982BD8A8CF0077FBE7 /* GoogleService-Info.plist */ = {isa = PBXFileReference; fileEncoding = 4; lastKnownFileType = text.plist.xml; path = "GoogleService-Info.plist"; sourceTree = "<group>"; };
		F0A0FEA32BD8AE1A0077FBE7 /* .gitignore */ = {isa = PBXFileReference; lastKnownFileType = text; path = .gitignore; sourceTree = "<group>"; };
		F0B08A1B2BD33EE100DA0D3B /* Threads_Clone.app */ = {isa = PBXFileReference; explicitFileType = wrapper.application; includeInIndex = 0; path = Threads_Clone.app; sourceTree = BUILT_PRODUCTS_DIR; };
		F0B08A1E2BD33EE100DA0D3B /* Threads_CloneApp.swift */ = {isa = PBXFileReference; lastKnownFileType = sourcecode.swift; path = Threads_CloneApp.swift; sourceTree = "<group>"; };
		F0B08A202BD33EE100DA0D3B /* ContentView.swift */ = {isa = PBXFileReference; lastKnownFileType = sourcecode.swift; path = ContentView.swift; sourceTree = "<group>"; };
		F0B08A222BD33EE300DA0D3B /* Assets.xcassets */ = {isa = PBXFileReference; lastKnownFileType = folder.assetcatalog; path = Assets.xcassets; sourceTree = "<group>"; };
		F0B08A252BD33EE300DA0D3B /* Preview Assets.xcassets */ = {isa = PBXFileReference; lastKnownFileType = folder.assetcatalog; path = "Preview Assets.xcassets"; sourceTree = "<group>"; };
		F0B08A362BD3402F00DA0D3B /* LoginView.swift */ = {isa = PBXFileReference; lastKnownFileType = sourcecode.swift; path = LoginView.swift; sourceTree = "<group>"; };
		F0B08A382BD3499F00DA0D3B /* RegistrationView.swift */ = {isa = PBXFileReference; lastKnownFileType = sourcecode.swift; path = RegistrationView.swift; sourceTree = "<group>"; };
		F0B08A3B2BD34BEC00DA0D3B /* ThreadsTextFieldModifier.swift */ = {isa = PBXFileReference; lastKnownFileType = sourcecode.swift; path = ThreadsTextFieldModifier.swift; sourceTree = "<group>"; };
		F0B08A3D2BD34F3300DA0D3B /* ThreadsButtonModifier.swift */ = {isa = PBXFileReference; lastKnownFileType = sourcecode.swift; path = ThreadsButtonModifier.swift; sourceTree = "<group>"; };
		F0B08A402BD3555B00DA0D3B /* ThreadsTabView.swift */ = {isa = PBXFileReference; lastKnownFileType = sourcecode.swift; path = ThreadsTabView.swift; sourceTree = "<group>"; };
		F0B08A442BD3593700DA0D3B /* FeedView.swift */ = {isa = PBXFileReference; lastKnownFileType = sourcecode.swift; path = FeedView.swift; sourceTree = "<group>"; };
		F0B08A482BD359AE00DA0D3B /* ExploreView.swift */ = {isa = PBXFileReference; lastKnownFileType = sourcecode.swift; path = ExploreView.swift; sourceTree = "<group>"; };
		F0B08A4C2BD35A3D00DA0D3B /* CreateThreadView.swift */ = {isa = PBXFileReference; lastKnownFileType = sourcecode.swift; path = CreateThreadView.swift; sourceTree = "<group>"; };
		F0B08A502BD35A8D00DA0D3B /* ActivityView.swift */ = {isa = PBXFileReference; lastKnownFileType = sourcecode.swift; path = ActivityView.swift; sourceTree = "<group>"; };
		F0B08A542BD35AD600DA0D3B /* ProfileView.swift */ = {isa = PBXFileReference; lastKnownFileType = sourcecode.swift; path = ProfileView.swift; sourceTree = "<group>"; };
		F0E8D4AC2BD5C3A300CDF83F /* ThreadCell.swift */ = {isa = PBXFileReference; lastKnownFileType = sourcecode.swift; path = ThreadCell.swift; sourceTree = "<group>"; };
		F0E8D4AF2BD5D60A00CDF83F /* CircularProfileImageView.swift */ = {isa = PBXFileReference; lastKnownFileType = sourcecode.swift; path = CircularProfileImageView.swift; sourceTree = "<group>"; };
		F0E8D4B12BD5D6D800CDF83F /* UserCell.swift */ = {isa = PBXFileReference; lastKnownFileType = sourcecode.swift; path = UserCell.swift; sourceTree = "<group>"; };
		F0F722B52BDC8413004D8832 /* User.swift */ = {isa = PBXFileReference; lastKnownFileType = sourcecode.swift; path = User.swift; sourceTree = "<group>"; };
		F0F722B92BDC90B6004D8832 /* UserService.swift */ = {isa = PBXFileReference; lastKnownFileType = sourcecode.swift; path = UserService.swift; sourceTree = "<group>"; };
		F0F722BC2BDC93F5004D8832 /* ProfileViewModel.swift */ = {isa = PBXFileReference; lastKnownFileType = sourcecode.swift; path = ProfileViewModel.swift; sourceTree = "<group>"; };
/* End PBXFileReference section */

/* Begin PBXFrameworksBuildPhase section */
		F0B08A182BD33EE100DA0D3B /* Frameworks */ = {
			isa = PBXFrameworksBuildPhase;
			buildActionMask = 2147483647;
			files = (
				F0A0FE9C2BD8AADF0077FBE7 /* FirebaseAuth in Frameworks */,
				F0A0FEA22BD8AADF0077FBE7 /* FirebaseStorage in Frameworks */,
				F0A0FE9E2BD8AADF0077FBE7 /* FirebaseFirestore in Frameworks */,
				F0A0FEA02BD8AADF0077FBE7 /* FirebaseFirestoreSwift in Frameworks */,
			);
			runOnlyForDeploymentPostprocessing = 0;
		};
/* End PBXFrameworksBuildPhase section */

/* Begin PBXGroup section */
		F00FEB492BD6B74E0011B05B /* Model */ = {
			isa = PBXGroup;
			children = (
				F00FEB4A2BD6B7670011B05B /* ProfileThreadFilter.swift */,
			);
			path = Model;
			sourceTree = "<group>";
		};
		F01491D02BDAD93100806ECA /* ViewModel */ = {
			isa = PBXGroup;
			children = (
				F077ACB22BDC300100FD65EB /* LoginViewModel.swift */,
				F01491D22BDAD97100806ECA /* RegistrationViewModel.swift */,
			);
			path = ViewModel;
			sourceTree = "<group>";
		};
		F01491D12BDAD94100806ECA /* Service */ = {
			isa = PBXGroup;
			children = (
				F043207A2BDB457C00F57DEA /* AuthService.swift */,
			);
			path = Service;
			sourceTree = "<group>";
		};
		F054C3D32BD75E06003CDB82 /* EditProfile */ = {
			isa = PBXGroup;
			children = (
				F054C3D42BD75E24003CDB82 /* View */,
			);
			path = EditProfile;
			sourceTree = "<group>";
		};
		F054C3D42BD75E24003CDB82 /* View */ = {
			isa = PBXGroup;
			children = (
				F054C3D52BD75E39003CDB82 /* EditProfileView.swift */,
			);
			path = View;
			sourceTree = "<group>";
		};
		F077ACAE2BDC268400FD65EB /* ViewModel */ = {
			isa = PBXGroup;
			children = (
				F077ACB02BDC26BB00FD65EB /* ContentViewModel.swift */,
			);
			path = ViewModel;
			sourceTree = "<group>";
		};
		F077ACAF2BDC268E00FD65EB /* View */ = {
			isa = PBXGroup;
			children = (
				F0B08A202BD33EE100DA0D3B /* ContentView.swift */,
			);
			path = View;
			sourceTree = "<group>";
		};
		F0B08A122BD33EE000DA0D3B = {
			isa = PBXGroup;
			children = (
				F0A0FEA32BD8AE1A0077FBE7 /* .gitignore */,
				F0B08A1D2BD33EE100DA0D3B /* Threads_Clone */,
				F0B08A1C2BD33EE100DA0D3B /* Products */,
			);
			sourceTree = "<group>";
		};
		F0B08A1C2BD33EE100DA0D3B /* Products */ = {
			isa = PBXGroup;
			children = (
				F0B08A1B2BD33EE100DA0D3B /* Threads_Clone.app */,
			);
			name = Products;
			sourceTree = "<group>";
		};
		F0B08A1D2BD33EE100DA0D3B /* Threads_Clone */ = {
			isa = PBXGroup;
			children = (
				F0B08A312BD33F2500DA0D3B /* App */,
				F0B08A302BD33F2400DA0D3B /* Core */,
				F0B08A2F2BD33F2200DA0D3B /* Extensions */,
				F0B08A2E2BD33F1F00DA0D3B /* Model */,
				F0B08A2C2BD33F0700DA0D3B /* Services */,
				F0B08A322BD33F9200DA0D3B /* Utils */,
				F0A0FE982BD8A8CF0077FBE7 /* GoogleService-Info.plist */,
				F0B08A222BD33EE300DA0D3B /* Assets.xcassets */,
				F0B08A242BD33EE300DA0D3B /* Preview Content */,
			);
			path = Threads_Clone;
			sourceTree = "<group>";
		};
		F0B08A242BD33EE300DA0D3B /* Preview Content */ = {
			isa = PBXGroup;
			children = (
				F0B08A252BD33EE300DA0D3B /* Preview Assets.xcassets */,
			);
			path = "Preview Content";
			sourceTree = "<group>";
		};
		F0B08A2C2BD33F0700DA0D3B /* Services */ = {
			isa = PBXGroup;
			children = (
				F0F722B92BDC90B6004D8832 /* UserService.swift */,
			);
			path = Services;
			sourceTree = "<group>";
		};
		F0B08A2E2BD33F1F00DA0D3B /* Model */ = {
			isa = PBXGroup;
			children = (
				F0F722B52BDC8413004D8832 /* User.swift */,
			);
			path = Model;
			sourceTree = "<group>";
		};
		F0B08A2F2BD33F2200DA0D3B /* Extensions */ = {
			isa = PBXGroup;
			children = (
			);
			path = Extensions;
			sourceTree = "<group>";
		};
		F0B08A302BD33F2400DA0D3B /* Core */ = {
			isa = PBXGroup;
			children = (
				F0B08A4E2BD35A7500DA0D3B /* Activity */,
				F0B08A332BD33FCE00DA0D3B /* Authentication */,
				F0E8D4AE2BD5D5DB00CDF83F /* Components */,
				F0B08A462BD3598300DA0D3B /* Explore */,
				F0B08A422BD3591600DA0D3B /* Feed */,
				F0B08A522BD35AAE00DA0D3B /* Profile */,
				F0B08A342BD33FDD00DA0D3B /* Root */,
				F0B08A3F2BD3551C00DA0D3B /* TabBar */,
				F0B08A4A2BD35A0100DA0D3B /* ThreadCreation */,
			);
			path = Core;
			sourceTree = "<group>";
		};
		F0B08A312BD33F2500DA0D3B /* App */ = {
			isa = PBXGroup;
			children = (
				F0B08A1E2BD33EE100DA0D3B /* Threads_CloneApp.swift */,
			);
			path = App;
			sourceTree = "<group>";
		};
		F0B08A322BD33F9200DA0D3B /* Utils */ = {
			isa = PBXGroup;
			children = (
				F0B08A3A2BD34B9F00DA0D3B /* ViewModifiers */,
			);
			path = Utils;
			sourceTree = "<group>";
		};
		F0B08A332BD33FCE00DA0D3B /* Authentication */ = {
			isa = PBXGroup;
			children = (
				F01491D12BDAD94100806ECA /* Service */,
				F0B08A352BD3400400DA0D3B /* Views */,
				F01491D02BDAD93100806ECA /* ViewModel */,
			);
			path = Authentication;
			sourceTree = "<group>";
		};
		F0B08A342BD33FDD00DA0D3B /* Root */ = {
			isa = PBXGroup;
			children = (
				F077ACAF2BDC268E00FD65EB /* View */,
				F077ACAE2BDC268400FD65EB /* ViewModel */,
			);
			path = Root;
			sourceTree = "<group>";
		};
		F0B08A352BD3400400DA0D3B /* Views */ = {
			isa = PBXGroup;
			children = (
				F0B08A362BD3402F00DA0D3B /* LoginView.swift */,
				F0B08A382BD3499F00DA0D3B /* RegistrationView.swift */,
			);
			path = Views;
			sourceTree = "<group>";
		};
		F0B08A3A2BD34B9F00DA0D3B /* ViewModifiers */ = {
			isa = PBXGroup;
			children = (
				F0B08A3B2BD34BEC00DA0D3B /* ThreadsTextFieldModifier.swift */,
				F0B08A3D2BD34F3300DA0D3B /* ThreadsButtonModifier.swift */,
			);
			path = ViewModifiers;
			sourceTree = "<group>";
		};
		F0B08A3F2BD3551C00DA0D3B /* TabBar */ = {
			isa = PBXGroup;
			children = (
				F0B08A402BD3555B00DA0D3B /* ThreadsTabView.swift */,
			);
			path = TabBar;
			sourceTree = "<group>";
		};
		F0B08A422BD3591600DA0D3B /* Feed */ = {
			isa = PBXGroup;
			children = (
				F0B08A432BD3592000DA0D3B /* View */,
			);
			path = Feed;
			sourceTree = "<group>";
		};
		F0B08A432BD3592000DA0D3B /* View */ = {
			isa = PBXGroup;
			children = (
				F0B08A442BD3593700DA0D3B /* FeedView.swift */,
				F0E8D4AC2BD5C3A300CDF83F /* ThreadCell.swift */,
			);
			path = View;
			sourceTree = "<group>";
		};
		F0B08A462BD3598300DA0D3B /* Explore */ = {
			isa = PBXGroup;
			children = (
				F0B08A472BD3599D00DA0D3B /* View */,
			);
			path = Explore;
			sourceTree = "<group>";
		};
		F0B08A472BD3599D00DA0D3B /* View */ = {
			isa = PBXGroup;
			children = (
				F0B08A482BD359AE00DA0D3B /* ExploreView.swift */,
			);
			path = View;
			sourceTree = "<group>";
		};
		F0B08A4A2BD35A0100DA0D3B /* ThreadCreation */ = {
			isa = PBXGroup;
			children = (
				F0B08A4B2BD35A2A00DA0D3B /* View */,
			);
			path = ThreadCreation;
			sourceTree = "<group>";
		};
		F0B08A4B2BD35A2A00DA0D3B /* View */ = {
			isa = PBXGroup;
			children = (
				F0B08A4C2BD35A3D00DA0D3B /* CreateThreadView.swift */,
			);
			path = View;
			sourceTree = "<group>";
		};
		F0B08A4E2BD35A7500DA0D3B /* Activity */ = {
			isa = PBXGroup;
			children = (
				F0B08A4F2BD35A7C00DA0D3B /* View */,
			);
			path = Activity;
			sourceTree = "<group>";
		};
		F0B08A4F2BD35A7C00DA0D3B /* View */ = {
			isa = PBXGroup;
			children = (
				F0B08A502BD35A8D00DA0D3B /* ActivityView.swift */,
			);
			path = View;
			sourceTree = "<group>";
		};
		F0B08A522BD35AAE00DA0D3B /* Profile */ = {
			isa = PBXGroup;
			children = (
				F0F722BB2BDC93DA004D8832 /* ViewModel */,
				F054C3D32BD75E06003CDB82 /* EditProfile */,
				F00FEB492BD6B74E0011B05B /* Model */,
				F0B08A532BD35ACC00DA0D3B /* View */,
			);
			path = Profile;
			sourceTree = "<group>";
		};
		F0B08A532BD35ACC00DA0D3B /* View */ = {
			isa = PBXGroup;
			children = (
				F0B08A542BD35AD600DA0D3B /* ProfileView.swift */,
			);
			path = View;
			sourceTree = "<group>";
		};
		F0E8D4AE2BD5D5DB00CDF83F /* Components */ = {
			isa = PBXGroup;
			children = (
				F0E8D4AF2BD5D60A00CDF83F /* CircularProfileImageView.swift */,
				F0E8D4B12BD5D6D800CDF83F /* UserCell.swift */,
			);
			path = Components;
			sourceTree = "<group>";
		};
		F0F722BB2BDC93DA004D8832 /* ViewModel */ = {
			isa = PBXGroup;
			children = (
				F0F722BC2BDC93F5004D8832 /* ProfileViewModel.swift */,
			);
			path = ViewModel;
			sourceTree = "<group>";
		};
/* End PBXGroup section */

/* Begin PBXNativeTarget section */
		F0B08A1A2BD33EE100DA0D3B /* Threads_Clone */ = {
			isa = PBXNativeTarget;
			buildConfigurationList = F0B08A292BD33EE300DA0D3B /* Build configuration list for PBXNativeTarget "Threads_Clone" */;
			buildPhases = (
				F0B08A172BD33EE100DA0D3B /* Sources */,
				F0B08A182BD33EE100DA0D3B /* Frameworks */,
				F0B08A192BD33EE100DA0D3B /* Resources */,
			);
			buildRules = (
			);
			dependencies = (
			);
			name = Threads_Clone;
			packageProductDependencies = (
				F0A0FE9B2BD8AADF0077FBE7 /* FirebaseAuth */,
				F0A0FE9D2BD8AADF0077FBE7 /* FirebaseFirestore */,
				F0A0FE9F2BD8AADF0077FBE7 /* FirebaseFirestoreSwift */,
				F0A0FEA12BD8AADF0077FBE7 /* FirebaseStorage */,
			);
			productName = Threads_Clone;
			productReference = F0B08A1B2BD33EE100DA0D3B /* Threads_Clone.app */;
			productType = "com.apple.product-type.application";
		};
/* End PBXNativeTarget section */

/* Begin PBXProject section */
		F0B08A132BD33EE100DA0D3B /* Project object */ = {
			isa = PBXProject;
			attributes = {
				BuildIndependentTargetsInParallel = 1;
				LastSwiftUpdateCheck = 1530;
				LastUpgradeCheck = 1530;
				TargetAttributes = {
					F0B08A1A2BD33EE100DA0D3B = {
						CreatedOnToolsVersion = 15.3;
					};
				};
			};
			buildConfigurationList = F0B08A162BD33EE100DA0D3B /* Build configuration list for PBXProject "Threads_Clone" */;
			compatibilityVersion = "Xcode 14.0";
			developmentRegion = en;
			hasScannedForEncodings = 0;
			knownRegions = (
				en,
				Base,
			);
			mainGroup = F0B08A122BD33EE000DA0D3B;
			packageReferences = (
				F0A0FE9A2BD8AADF0077FBE7 /* XCRemoteSwiftPackageReference "firebase-ios-sdk" */,
			);
			productRefGroup = F0B08A1C2BD33EE100DA0D3B /* Products */;
			projectDirPath = "";
			projectRoot = "";
			targets = (
				F0B08A1A2BD33EE100DA0D3B /* Threads_Clone */,
			);
		};
/* End PBXProject section */

/* Begin PBXResourcesBuildPhase section */
		F0B08A192BD33EE100DA0D3B /* Resources */ = {
			isa = PBXResourcesBuildPhase;
			buildActionMask = 2147483647;
			files = (
				F0A0FEA42BD8AE1A0077FBE7 /* .gitignore in Resources */,
				F0B08A262BD33EE300DA0D3B /* Preview Assets.xcassets in Resources */,
				F0B08A232BD33EE300DA0D3B /* Assets.xcassets in Resources */,
				F0A0FE992BD8A8CF0077FBE7 /* GoogleService-Info.plist in Resources */,
			);
			runOnlyForDeploymentPostprocessing = 0;
		};
/* End PBXResourcesBuildPhase section */

/* Begin PBXSourcesBuildPhase section */
		F0B08A172BD33EE100DA0D3B /* Sources */ = {
			isa = PBXSourcesBuildPhase;
			buildActionMask = 2147483647;
			files = (
				F0B08A512BD35A8D00DA0D3B /* ActivityView.swift in Sources */,
				F01491D32BDAD97200806ECA /* RegistrationViewModel.swift in Sources */,
				F054C3D62BD75E39003CDB82 /* EditProfileView.swift in Sources */,
				F0B08A4D2BD35A3D00DA0D3B /* CreateThreadView.swift in Sources */,
				F077ACB12BDC26BB00FD65EB /* ContentViewModel.swift in Sources */,
				F0B08A452BD3593700DA0D3B /* FeedView.swift in Sources */,
				F0F722BD2BDC93F5004D8832 /* ProfileViewModel.swift in Sources */,
				F00FEB4B2BD6B7670011B05B /* ProfileThreadFilter.swift in Sources */,
				F0F722BA2BDC90B6004D8832 /* UserService.swift in Sources */,
				F043207B2BDB457C00F57DEA /* AuthService.swift in Sources */,
				F0B08A492BD359AE00DA0D3B /* ExploreView.swift in Sources */,
				F0B08A552BD35AD600DA0D3B /* ProfileView.swift in Sources */,
				F0F722B62BDC8413004D8832 /* User.swift in Sources */,
				F0B08A3E2BD34F3300DA0D3B /* ThreadsButtonModifier.swift in Sources */,
				F0B08A412BD3555B00DA0D3B /* ThreadsTabView.swift in Sources */,
				F0E8D4B02BD5D60A00CDF83F /* CircularProfileImageView.swift in Sources */,
				F0E8D4B22BD5D6D800CDF83F /* UserCell.swift in Sources */,
				F0B08A372BD3402F00DA0D3B /* LoginView.swift in Sources */,
				F0E8D4AD2BD5C3A300CDF83F /* ThreadCell.swift in Sources */,
				F0B08A212BD33EE100DA0D3B /* ContentView.swift in Sources */,
				F0B08A3C2BD34BEC00DA0D3B /* ThreadsTextFieldModifier.swift in Sources */,
				F0B08A1F2BD33EE100DA0D3B /* Threads_CloneApp.swift in Sources */,
				F0B08A392BD3499F00DA0D3B /* RegistrationView.swift in Sources */,
				F077ACB32BDC300100FD65EB /* LoginViewModel.swift in Sources */,
			);
			runOnlyForDeploymentPostprocessing = 0;
		};
/* End PBXSourcesBuildPhase section */

/* Begin XCBuildConfiguration section */
		F0B08A272BD33EE300DA0D3B /* Debug */ = {
			isa = XCBuildConfiguration;
			buildSettings = {
				ALWAYS_SEARCH_USER_PATHS = NO;
				ASSETCATALOG_COMPILER_GENERATE_SWIFT_ASSET_SYMBOL_EXTENSIONS = YES;
				CLANG_ANALYZER_NONNULL = YES;
				CLANG_ANALYZER_NUMBER_OBJECT_CONVERSION = YES_AGGRESSIVE;
				CLANG_CXX_LANGUAGE_STANDARD = "gnu++20";
				CLANG_ENABLE_MODULES = YES;
				CLANG_ENABLE_OBJC_ARC = YES;
				CLANG_ENABLE_OBJC_WEAK = YES;
				CLANG_WARN_BLOCK_CAPTURE_AUTORELEASING = YES;
				CLANG_WARN_BOOL_CONVERSION = YES;
				CLANG_WARN_COMMA = YES;
				CLANG_WARN_CONSTANT_CONVERSION = YES;
				CLANG_WARN_DEPRECATED_OBJC_IMPLEMENTATIONS = YES;
				CLANG_WARN_DIRECT_OBJC_ISA_USAGE = YES_ERROR;
				CLANG_WARN_DOCUMENTATION_COMMENTS = YES;
				CLANG_WARN_EMPTY_BODY = YES;
				CLANG_WARN_ENUM_CONVERSION = YES;
				CLANG_WARN_INFINITE_RECURSION = YES;
				CLANG_WARN_INT_CONVERSION = YES;
				CLANG_WARN_NON_LITERAL_NULL_CONVERSION = YES;
				CLANG_WARN_OBJC_IMPLICIT_RETAIN_SELF = YES;
				CLANG_WARN_OBJC_LITERAL_CONVERSION = YES;
				CLANG_WARN_OBJC_ROOT_CLASS = YES_ERROR;
				CLANG_WARN_QUOTED_INCLUDE_IN_FRAMEWORK_HEADER = YES;
				CLANG_WARN_RANGE_LOOP_ANALYSIS = YES;
				CLANG_WARN_STRICT_PROTOTYPES = YES;
				CLANG_WARN_SUSPICIOUS_MOVE = YES;
				CLANG_WARN_UNGUARDED_AVAILABILITY = YES_AGGRESSIVE;
				CLANG_WARN_UNREACHABLE_CODE = YES;
				CLANG_WARN__DUPLICATE_METHOD_MATCH = YES;
				COPY_PHASE_STRIP = NO;
				DEBUG_INFORMATION_FORMAT = dwarf;
				ENABLE_STRICT_OBJC_MSGSEND = YES;
				ENABLE_TESTABILITY = YES;
				ENABLE_USER_SCRIPT_SANDBOXING = YES;
				GCC_C_LANGUAGE_STANDARD = gnu17;
				GCC_DYNAMIC_NO_PIC = NO;
				GCC_NO_COMMON_BLOCKS = YES;
				GCC_OPTIMIZATION_LEVEL = 0;
				GCC_PREPROCESSOR_DEFINITIONS = (
					"DEBUG=1",
					"$(inherited)",
				);
				GCC_WARN_64_TO_32_BIT_CONVERSION = YES;
				GCC_WARN_ABOUT_RETURN_TYPE = YES_ERROR;
				GCC_WARN_UNDECLARED_SELECTOR = YES;
				GCC_WARN_UNINITIALIZED_AUTOS = YES_AGGRESSIVE;
				GCC_WARN_UNUSED_FUNCTION = YES;
				GCC_WARN_UNUSED_VARIABLE = YES;
				IPHONEOS_DEPLOYMENT_TARGET = 17.4;
				LOCALIZATION_PREFERS_STRING_CATALOGS = YES;
				MTL_ENABLE_DEBUG_INFO = INCLUDE_SOURCE;
				MTL_FAST_MATH = YES;
				ONLY_ACTIVE_ARCH = YES;
				SDKROOT = iphoneos;
				SWIFT_ACTIVE_COMPILATION_CONDITIONS = "DEBUG $(inherited)";
				SWIFT_OPTIMIZATION_LEVEL = "-Onone";
			};
			name = Debug;
		};
		F0B08A282BD33EE300DA0D3B /* Release */ = {
			isa = XCBuildConfiguration;
			buildSettings = {
				ALWAYS_SEARCH_USER_PATHS = NO;
				ASSETCATALOG_COMPILER_GENERATE_SWIFT_ASSET_SYMBOL_EXTENSIONS = YES;
				CLANG_ANALYZER_NONNULL = YES;
				CLANG_ANALYZER_NUMBER_OBJECT_CONVERSION = YES_AGGRESSIVE;
				CLANG_CXX_LANGUAGE_STANDARD = "gnu++20";
				CLANG_ENABLE_MODULES = YES;
				CLANG_ENABLE_OBJC_ARC = YES;
				CLANG_ENABLE_OBJC_WEAK = YES;
				CLANG_WARN_BLOCK_CAPTURE_AUTORELEASING = YES;
				CLANG_WARN_BOOL_CONVERSION = YES;
				CLANG_WARN_COMMA = YES;
				CLANG_WARN_CONSTANT_CONVERSION = YES;
				CLANG_WARN_DEPRECATED_OBJC_IMPLEMENTATIONS = YES;
				CLANG_WARN_DIRECT_OBJC_ISA_USAGE = YES_ERROR;
				CLANG_WARN_DOCUMENTATION_COMMENTS = YES;
				CLANG_WARN_EMPTY_BODY = YES;
				CLANG_WARN_ENUM_CONVERSION = YES;
				CLANG_WARN_INFINITE_RECURSION = YES;
				CLANG_WARN_INT_CONVERSION = YES;
				CLANG_WARN_NON_LITERAL_NULL_CONVERSION = YES;
				CLANG_WARN_OBJC_IMPLICIT_RETAIN_SELF = YES;
				CLANG_WARN_OBJC_LITERAL_CONVERSION = YES;
				CLANG_WARN_OBJC_ROOT_CLASS = YES_ERROR;
				CLANG_WARN_QUOTED_INCLUDE_IN_FRAMEWORK_HEADER = YES;
				CLANG_WARN_RANGE_LOOP_ANALYSIS = YES;
				CLANG_WARN_STRICT_PROTOTYPES = YES;
				CLANG_WARN_SUSPICIOUS_MOVE = YES;
				CLANG_WARN_UNGUARDED_AVAILABILITY = YES_AGGRESSIVE;
				CLANG_WARN_UNREACHABLE_CODE = YES;
				CLANG_WARN__DUPLICATE_METHOD_MATCH = YES;
				COPY_PHASE_STRIP = NO;
				DEBUG_INFORMATION_FORMAT = "dwarf-with-dsym";
				ENABLE_NS_ASSERTIONS = NO;
				ENABLE_STRICT_OBJC_MSGSEND = YES;
				ENABLE_USER_SCRIPT_SANDBOXING = YES;
				GCC_C_LANGUAGE_STANDARD = gnu17;
				GCC_NO_COMMON_BLOCKS = YES;
				GCC_WARN_64_TO_32_BIT_CONVERSION = YES;
				GCC_WARN_ABOUT_RETURN_TYPE = YES_ERROR;
				GCC_WARN_UNDECLARED_SELECTOR = YES;
				GCC_WARN_UNINITIALIZED_AUTOS = YES_AGGRESSIVE;
				GCC_WARN_UNUSED_FUNCTION = YES;
				GCC_WARN_UNUSED_VARIABLE = YES;
				IPHONEOS_DEPLOYMENT_TARGET = 17.4;
				LOCALIZATION_PREFERS_STRING_CATALOGS = YES;
				MTL_ENABLE_DEBUG_INFO = NO;
				MTL_FAST_MATH = YES;
				SDKROOT = iphoneos;
				SWIFT_COMPILATION_MODE = wholemodule;
				VALIDATE_PRODUCT = YES;
			};
			name = Release;
		};
		F0B08A2A2BD33EE300DA0D3B /* Debug */ = {
			isa = XCBuildConfiguration;
			buildSettings = {
				ASSETCATALOG_COMPILER_APPICON_NAME = AppIcon;
				ASSETCATALOG_COMPILER_GLOBAL_ACCENT_COLOR_NAME = AccentColor;
				CODE_SIGN_STYLE = Automatic;
				CURRENT_PROJECT_VERSION = 1;
				DEVELOPMENT_ASSET_PATHS = "\"Threads_Clone/Preview Content\"";
				ENABLE_PREVIEWS = YES;
				GENERATE_INFOPLIST_FILE = YES;
				INFOPLIST_KEY_UIApplicationSceneManifest_Generation = YES;
				INFOPLIST_KEY_UIApplicationSupportsIndirectInputEvents = YES;
				INFOPLIST_KEY_UILaunchScreen_Generation = YES;
				INFOPLIST_KEY_UISupportedInterfaceOrientations_iPad = "UIInterfaceOrientationPortrait UIInterfaceOrientationPortraitUpsideDown UIInterfaceOrientationLandscapeLeft UIInterfaceOrientationLandscapeRight";
				INFOPLIST_KEY_UISupportedInterfaceOrientations_iPhone = "UIInterfaceOrientationPortrait UIInterfaceOrientationLandscapeLeft UIInterfaceOrientationLandscapeRight";
				LD_RUNPATH_SEARCH_PATHS = (
					"$(inherited)",
					"@executable_path/Frameworks",
				);
				MARKETING_VERSION = 1.0;
				PRODUCT_BUNDLE_IDENTIFIER = "com.pedro-marques.Threads-Clone";
				PRODUCT_NAME = "$(TARGET_NAME)";
				SWIFT_EMIT_LOC_STRINGS = YES;
				SWIFT_OPTIMIZATION_LEVEL = "-Onone";
				SWIFT_VERSION = 5.0;
				TARGETED_DEVICE_FAMILY = "1,2";
			};
			name = Debug;
		};
		F0B08A2B2BD33EE300DA0D3B /* Release */ = {
			isa = XCBuildConfiguration;
			buildSettings = {
				ASSETCATALOG_COMPILER_APPICON_NAME = AppIcon;
				ASSETCATALOG_COMPILER_GLOBAL_ACCENT_COLOR_NAME = AccentColor;
				CODE_SIGN_STYLE = Automatic;
				CURRENT_PROJECT_VERSION = 1;
				DEVELOPMENT_ASSET_PATHS = "\"Threads_Clone/Preview Content\"";
				ENABLE_PREVIEWS = YES;
				GENERATE_INFOPLIST_FILE = YES;
				INFOPLIST_KEY_UIApplicationSceneManifest_Generation = YES;
				INFOPLIST_KEY_UIApplicationSupportsIndirectInputEvents = YES;
				INFOPLIST_KEY_UILaunchScreen_Generation = YES;
				INFOPLIST_KEY_UISupportedInterfaceOrientations_iPad = "UIInterfaceOrientationPortrait UIInterfaceOrientationPortraitUpsideDown UIInterfaceOrientationLandscapeLeft UIInterfaceOrientationLandscapeRight";
				INFOPLIST_KEY_UISupportedInterfaceOrientations_iPhone = "UIInterfaceOrientationPortrait UIInterfaceOrientationLandscapeLeft UIInterfaceOrientationLandscapeRight";
				LD_RUNPATH_SEARCH_PATHS = (
					"$(inherited)",
					"@executable_path/Frameworks",
				);
				MARKETING_VERSION = 1.0;
				PRODUCT_BUNDLE_IDENTIFIER = "com.pedro-marques.Threads-Clone";
				PRODUCT_NAME = "$(TARGET_NAME)";
				SWIFT_EMIT_LOC_STRINGS = YES;
				SWIFT_OPTIMIZATION_LEVEL = "-Onone";
				SWIFT_VERSION = 5.0;
				TARGETED_DEVICE_FAMILY = "1,2";
			};
			name = Release;
		};
/* End XCBuildConfiguration section */

/* Begin XCConfigurationList section */
		F0B08A162BD33EE100DA0D3B /* Build configuration list for PBXProject "Threads_Clone" */ = {
			isa = XCConfigurationList;
			buildConfigurations = (
				F0B08A272BD33EE300DA0D3B /* Debug */,
				F0B08A282BD33EE300DA0D3B /* Release */,
			);
			defaultConfigurationIsVisible = 0;
			defaultConfigurationName = Release;
		};
		F0B08A292BD33EE300DA0D3B /* Build configuration list for PBXNativeTarget "Threads_Clone" */ = {
			isa = XCConfigurationList;
			buildConfigurations = (
				F0B08A2A2BD33EE300DA0D3B /* Debug */,
				F0B08A2B2BD33EE300DA0D3B /* Release */,
			);
			defaultConfigurationIsVisible = 0;
			defaultConfigurationName = Release;
		};
/* End XCConfigurationList section */

/* Begin XCRemoteSwiftPackageReference section */
		F0A0FE9A2BD8AADF0077FBE7 /* XCRemoteSwiftPackageReference "firebase-ios-sdk" */ = {
			isa = XCRemoteSwiftPackageReference;
			repositoryURL = "https://github.com/firebase/firebase-ios-sdk";
			requirement = {
				kind = upToNextMajorVersion;
				minimumVersion = 10.24.0;
			};
		};
/* End XCRemoteSwiftPackageReference section */

/* Begin XCSwiftPackageProductDependency section */
		F0A0FE9B2BD8AADF0077FBE7 /* FirebaseAuth */ = {
			isa = XCSwiftPackageProductDependency;
			package = F0A0FE9A2BD8AADF0077FBE7 /* XCRemoteSwiftPackageReference "firebase-ios-sdk" */;
			productName = FirebaseAuth;
		};
		F0A0FE9D2BD8AADF0077FBE7 /* FirebaseFirestore */ = {
			isa = XCSwiftPackageProductDependency;
			package = F0A0FE9A2BD8AADF0077FBE7 /* XCRemoteSwiftPackageReference "firebase-ios-sdk" */;
			productName = FirebaseFirestore;
		};
		F0A0FE9F2BD8AADF0077FBE7 /* FirebaseFirestoreSwift */ = {
			isa = XCSwiftPackageProductDependency;
			package = F0A0FE9A2BD8AADF0077FBE7 /* XCRemoteSwiftPackageReference "firebase-ios-sdk" */;
			productName = FirebaseFirestoreSwift;
		};
		F0A0FEA12BD8AADF0077FBE7 /* FirebaseStorage */ = {
			isa = XCSwiftPackageProductDependency;
			package = F0A0FE9A2BD8AADF0077FBE7 /* XCRemoteSwiftPackageReference "firebase-ios-sdk" */;
			productName = FirebaseStorage;
		};
/* End XCSwiftPackageProductDependency section */
	};
	rootObject = F0B08A132BD33EE100DA0D3B /* Project object */;
}
